<?xml version="1.0" encoding="utf-8"?>
<Project ToolsVersion="4.0" xmlns="http://schemas.microsoft.com/developer/msbuild/2003">
  <ItemGroup>
    <Filter Include="ソース ファイル">
      <UniqueIdentifier>{4FC737F1-C7A5-4376-A066-2A32D752A2FF}</UniqueIdentifier>
      <Extensions>cpp;c;cc;cxx;c++;cppm;ixx;def;odl;idl;hpj;bat;asm;asmx</Extensions>
    </Filter>
    <Filter Include="ヘッダー ファイル">
      <UniqueIdentifier>{93995380-89BD-4b04-88EB-625FBE52EBFB}</UniqueIdentifier>
      <Extensions>h;hh;hpp;hxx;h++;hm;inl;inc;ipp;xsd</Extensions>
    </Filter>
    <Filter Include="リソース ファイル">
      <UniqueIdentifier>{67DA6AB6-F800-4c08-8B7A-83BB121AAD01}</UniqueIdentifier>
      <Extensions>rc;ico;cur;bmp;dlg;rc2;rct;bin;rgs;gif;jpg;jpeg;jpe;resx;tiff;tif;png;wav;mfcribbon-ms</Extensions>
    </Filter>
    <Filter Include="ソース ファイル\Sakakura">
      <UniqueIdentifier>{4a68b8da-c9f9-4eac-814b-7323f7152897}</UniqueIdentifier>
    </Filter>
    <Filter Include="ソース ファイル\Sein">
      <UniqueIdentifier>{62939a1a-6e9e-4c1d-a66a-0b022e057edb}</UniqueIdentifier>
    </Filter>
    <Filter Include="ソース ファイル\Ishihara">
      <UniqueIdentifier>{3f44b8ed-b120-44ca-8ccc-655507cf0781}</UniqueIdentifier>
    </Filter>
    <Filter Include="ヘッダー ファイル\Sakakura">
      <UniqueIdentifier>{bf080ec7-2e2a-48cc-9c17-876477a3ab35}</UniqueIdentifier>
    </Filter>
    <Filter Include="ヘッダー ファイル\Ishihara">
      <UniqueIdentifier>{13bb3313-b15c-4db3-b7ac-9dbfc1e079e0}</UniqueIdentifier>
    </Filter>
    <Filter Include="ヘッダー ファイル\Sein">
      <UniqueIdentifier>{92d953db-0229-4ef4-b513-8b28fa8e7dfb}</UniqueIdentifier>
    </Filter>
  </ItemGroup>
  <ItemGroup>
    <ClCompile Include="Sources\cpp\FaseManager.cpp">
      <Filter>ソース ファイル\Sakakura</Filter>
    </ClCompile>
    <ClCompile Include="Sources\cpp\BaseFase.cpp">
      <Filter>ソース ファイル\Sakakura</Filter>
    </ClCompile>
    <ClCompile Include="Sources\cpp\Main.cpp">
      <Filter>ソース ファイル</Filter>
    </ClCompile>
    <ClCompile Include="Sources\cpp\ObjectManager.cpp">
      <Filter>ソース ファイル\Ishihara</Filter>
    </ClCompile>
    <ClCompile Include="Sources\cpp\BaseObject.cpp">
      <Filter>ソース ファイル\Ishihara</Filter>
    </ClCompile>
    <ClCompile Include="Sources\cpp\BaseCharacter.cpp">
      <Filter>ソース ファイル\Ishihara</Filter>
    </ClCompile>
    <ClCompile Include="Sources\cpp\BaseUI.cpp">
      <Filter>ソース ファイル\Ishihara</Filter>
    </ClCompile>
    <ClCompile Include="Sources\cpp\BaseSection.cpp">
      <Filter>ソース ファイル\Ishihara</Filter>
    </ClCompile>
    <ClCompile Include="Sources\cpp\DataManager.cpp">
      <Filter>ソース ファイル\Sein</Filter>
    </ClCompile>
    <ClCompile Include="Sources\cpp\GameManager.cpp">
      <Filter>ソース ファイル\Sein</Filter>
    </ClCompile>
    <ClCompile Include="Sources\cpp\InputManager.cpp">
      <Filter>ソース ファイル\Sein</Filter>
    </ClCompile>
    <ClCompile Include="Sources\cpp\BaseScene.cpp">
      <Filter>ソース ファイル\Ishihara</Filter>
    </ClCompile>
    <ClCompile Include="Sources\cpp\SceneMain.cpp">
      <Filter>ソース ファイル\Ishihara</Filter>
    </ClCompile>
    <ClCompile Include="Sources\cpp\SceneManager.cpp">
      <Filter>ソース ファイル\Ishihara</Filter>
    </ClCompile>
    <ClCompile Include="Sources\cpp\SceneTitle.cpp">
      <Filter>ソース ファイル\Ishihara</Filter>
    </ClCompile>
    <ClCompile Include="Sources\cpp\FaseMain.cpp">
      <Filter>ソース ファイル\Sakakura</Filter>
    </ClCompile>
    <ClCompile Include="Sources\cpp\FaseResult.cpp">
      <Filter>ソース ファイル\Sakakura</Filter>
    </ClCompile>
    <ClCompile Include="Sources\cpp\FaseSelect.cpp">
      <Filter>ソース ファイル\Sakakura</Filter>
    </ClCompile>
    <ClCompile Include="Sources\cpp\FaseStandby.cpp">
      <Filter>ソース ファイル\Sakakura</Filter>
    </ClCompile>
  </ItemGroup>
  <ItemGroup>
    <ClInclude Include="Sources\header\FaseManager.h">
      <Filter>ヘッダー ファイル\Sakakura</Filter>
    </ClInclude>
    <ClInclude Include="Sources\header\BaseFase.h">
      <Filter>ヘッダー ファイル\Sakakura</Filter>
    </ClInclude>
    <ClInclude Include="Sources\header\ObjectManager.h">
      <Filter>ヘッダー ファイル\Ishihara</Filter>
    </ClInclude>
    <ClInclude Include="Sources\header\BaseObject.h">
      <Filter>ヘッダー ファイル\Ishihara</Filter>
    </ClInclude>
    <ClInclude Include="Sources\header\BaseCharacter.h">
      <Filter>ヘッダー ファイル\Ishihara</Filter>
    </ClInclude>
    <ClInclude Include="Sources\header\BaseSection.h">
      <Filter>ヘッダー ファイル\Ishihara</Filter>
    </ClInclude>
    <ClInclude Include="Sources\header\BaseUI.h">
      <Filter>ヘッダー ファイル\Ishihara</Filter>
    </ClInclude>
    <ClInclude Include="Sources\header\DataManager.h">
      <Filter>ヘッダー ファイル\Sein</Filter>
    </ClInclude>
    <ClInclude Include="Sources\header\GameManager.h">
      <Filter>ヘッダー ファイル\Sein</Filter>
    </ClInclude>
    <ClInclude Include="Sources\header\InputManager.h">
      <Filter>ヘッダー ファイル\Sein</Filter>
    </ClInclude>
    <ClInclude Include="Sources\header\CommonModule.h">
      <Filter>ヘッダー ファイル\Ishihara</Filter>
    </ClInclude>
    <ClInclude Include="Sources\header\BaseScene.h">
      <Filter>ヘッダー ファイル\Ishihara</Filter>
    </ClInclude>
    <ClInclude Include="Sources\header\SceneMain.h">
      <Filter>ヘッダー ファイル\Ishihara</Filter>
    </ClInclude>
    <ClInclude Include="Sources\header\SceneManager.h">
      <Filter>ヘッダー ファイル\Ishihara</Filter>
    </ClInclude>
    <ClInclude Include="Sources\header\SceneTitle.h">
      <Filter>ヘッダー ファイル\Ishihara</Filter>
    </ClInclude>
    <ClInclude Include="Sources\header\FaseMain.h">
      <Filter>ヘッダー ファイル\Sakakura</Filter>
    </ClInclude>
    <ClInclude Include="Sources\header\FaseResult.h">
      <Filter>ヘッダー ファイル\Sakakura</Filter>
    </ClInclude>
    <ClInclude Include="Sources\header\FaseSelect.h">
      <Filter>ヘッダー ファイル\Sakakura</Filter>
    </ClInclude>
    <ClInclude Include="Sources\header\FaseStandby.h">
      <Filter>ヘッダー ファイル\Sakakura</Filter>
    </ClInclude>
    <ClInclude Include="Sources\header\Const.h">
      <Filter>ヘッダー ファイル</Filter>
    </ClInclude>
  </ItemGroup>
</Project>