<?xml version="1.0" encoding="utf-8"?>
<Project ToolsVersion="4.0" xmlns="http://schemas.microsoft.com/developer/msbuild/2003">
  <ItemGroup>
    <Filter Include="ソース ファイル">
      <UniqueIdentifier>{4FC737F1-C7A5-4376-A066-2A32D752A2FF}</UniqueIdentifier>
      <Extensions>cpp;c;cc;cxx;c++;cppm;ixx;def;odl;idl;hpj;bat;asm;asmx</Extensions>
    </Filter>
    <Filter Include="ヘッダー ファイル">
      <UniqueIdentifier>{93995380-89BD-4b04-88EB-625FBE52EBFB}</UniqueIdentifier>
      <Extensions>h;hh;hpp;hxx;h++;hm;inl;inc;ipp;xsd</Extensions>
    </Filter>
    <Filter Include="リソース ファイル">
      <UniqueIdentifier>{67DA6AB6-F800-4c08-8B7A-83BB121AAD01}</UniqueIdentifier>
      <Extensions>rc;ico;cur;bmp;dlg;rc2;rct;bin;rgs;gif;jpg;jpeg;jpe;resx;tiff;tif;png;wav;mfcribbon-ms</Extensions>
    </Filter>
    <Filter Include="ソース ファイル\Sakakura">
      <UniqueIdentifier>{4a68b8da-c9f9-4eac-814b-7323f7152897}</UniqueIdentifier>
    </Filter>
    <Filter Include="ソース ファイル\Sein">
      <UniqueIdentifier>{62939a1a-6e9e-4c1d-a66a-0b022e057edb}</UniqueIdentifier>
    </Filter>
    <Filter Include="ソース ファイル\Ishihara">
      <UniqueIdentifier>{3f44b8ed-b120-44ca-8ccc-655507cf0781}</UniqueIdentifier>
    </Filter>
    <Filter Include="ヘッダー ファイル\Sakakura">
      <UniqueIdentifier>{bf080ec7-2e2a-48cc-9c17-876477a3ab35}</UniqueIdentifier>
    </Filter>
    <Filter Include="ヘッダー ファイル\Ishihara">
      <UniqueIdentifier>{13bb3313-b15c-4db3-b7ac-9dbfc1e079e0}</UniqueIdentifier>
    </Filter>
    <Filter Include="ヘッダー ファイル\Sein">
      <UniqueIdentifier>{92d953db-0229-4ef4-b513-8b28fa8e7dfb}</UniqueIdentifier>
    </Filter>
    <Filter Include="ソース ファイル\Sakakura\Entity">
      <UniqueIdentifier>{79239656-3db5-4ee7-b3a3-02dcf49fcf8c}</UniqueIdentifier>
    </Filter>
    <Filter Include="ソース ファイル\Sakakura\Phase">
      <UniqueIdentifier>{37efd5d0-639c-4060-ab97-575f26501c03}</UniqueIdentifier>
    </Filter>
    <Filter Include="ヘッダー ファイル\Sakakura\Entity">
      <UniqueIdentifier>{f491f3e1-cbd1-4738-9e2f-efa653cb7215}</UniqueIdentifier>
    </Filter>
    <Filter Include="ヘッダー ファイル\Sakakura\Phase">
      <UniqueIdentifier>{90311496-bb2c-4a90-b741-57b4a33b31f1}</UniqueIdentifier>
    </Filter>
    <Filter Include="ヘッダー ファイル\Sakakura\Secure">
      <UniqueIdentifier>{07bdc5b7-0a9f-402e-8fcb-74ef1715ab39}</UniqueIdentifier>
    </Filter>
    <Filter Include="ソース ファイル\Sakakura\Secure">
      <UniqueIdentifier>{48b2acac-c237-4821-a64d-4f13667a5a86}</UniqueIdentifier>
    </Filter>
    <Filter Include="ヘッダー ファイル\Sein\Officer">
      <UniqueIdentifier>{b3f395f2-1302-4aa0-bd6a-2aae14919d71}</UniqueIdentifier>
    </Filter>
    <Filter Include="ヘッダー ファイル\Sein\OfficerState">
      <UniqueIdentifier>{1edf24dc-87c1-4eed-a5ec-8015216054b1}</UniqueIdentifier>
    </Filter>
    <Filter Include="ソース ファイル\Sein\Officer">
      <UniqueIdentifier>{47800f95-49d2-4297-a234-5c0bc81a5f47}</UniqueIdentifier>
    </Filter>
    <Filter Include="ソース ファイル\Sein\OfficerState">
      <UniqueIdentifier>{79c76cd8-814c-473b-9354-e744be866ad4}</UniqueIdentifier>
    </Filter>
    <Filter Include="ソース ファイル\Ishihara\UI">
      <UniqueIdentifier>{2fe50148-f3e0-4d80-b33c-e6c491a3d538}</UniqueIdentifier>
    </Filter>
    <Filter Include="ソース ファイル\Ishihara\Section">
      <UniqueIdentifier>{a04f34e4-46a4-4db7-815a-ee5eeea58448}</UniqueIdentifier>
    </Filter>
    <Filter Include="ソース ファイル\Ishihara\Scene">
      <UniqueIdentifier>{0f996fb5-08c5-4c14-9071-e664a33bfedd}</UniqueIdentifier>
    </Filter>
    <Filter Include="ヘッダー ファイル\Ishihara\UI">
      <UniqueIdentifier>{00dc677a-258c-47fe-9888-d2741c0711a2}</UniqueIdentifier>
    </Filter>
    <Filter Include="ヘッダー ファイル\Ishihara\Section">
      <UniqueIdentifier>{d5231985-0f52-436c-9c18-85a89d5845df}</UniqueIdentifier>
    </Filter>
    <Filter Include="ヘッダー ファイル\Ishihara\Scene">
      <UniqueIdentifier>{9f0bbde8-e719-4174-9568-50f77228cc20}</UniqueIdentifier>
    </Filter>
    <Filter Include="ソース ファイル\Sein\Item">
      <UniqueIdentifier>{eef01305-6712-44e8-a079-260e227c5ed0}</UniqueIdentifier>
    </Filter>
    <Filter Include="ヘッダー ファイル\Sein\Item">
      <UniqueIdentifier>{965f083d-56f9-4acc-8fdd-dd97fc4c91ad}</UniqueIdentifier>
    </Filter>
  </ItemGroup>
  <ItemGroup>
    <ClCompile Include="Sources\cpp\Main.cpp">
      <Filter>ソース ファイル</Filter>
    </ClCompile>
    <ClCompile Include="Sources\cpp\ObjectManager.cpp">
      <Filter>ソース ファイル\Ishihara</Filter>
    </ClCompile>
    <ClCompile Include="Sources\cpp\BaseObject.cpp">
      <Filter>ソース ファイル\Ishihara</Filter>
    </ClCompile>
    <ClCompile Include="Sources\cpp\BaseCharacter.cpp">
      <Filter>ソース ファイル\Ishihara</Filter>
    </ClCompile>
    <ClCompile Include="Sources\cpp\DataManager.cpp">
      <Filter>ソース ファイル\Sein</Filter>
    </ClCompile>
    <ClCompile Include="Sources\cpp\GameManager.cpp">
      <Filter>ソース ファイル\Sein</Filter>
    </ClCompile>
    <ClCompile Include="Sources\cpp\InputManager.cpp">
      <Filter>ソース ファイル\Sein</Filter>
    </ClCompile>
    <ClCompile Include="Sources\cpp\BasePhase.cpp">
      <Filter>ソース ファイル\Sakakura\Phase</Filter>
    </ClCompile>
    <ClCompile Include="Sources\cpp\PhaseMain.cpp">
      <Filter>ソース ファイル\Sakakura\Phase</Filter>
    </ClCompile>
    <ClCompile Include="Sources\cpp\PhaseManager.cpp">
      <Filter>ソース ファイル\Sakakura\Phase</Filter>
    </ClCompile>
    <ClCompile Include="Sources\cpp\PhaseResult.cpp">
      <Filter>ソース ファイル\Sakakura\Phase</Filter>
    </ClCompile>
    <ClCompile Include="Sources\cpp\PhaseSelect.cpp">
      <Filter>ソース ファイル\Sakakura\Phase</Filter>
    </ClCompile>
    <ClCompile Include="Sources\cpp\PhaseStandby.cpp">
      <Filter>ソース ファイル\Sakakura\Phase</Filter>
    </ClCompile>
    <ClCompile Include="Sources\cpp\BaseEntity.cpp">
      <Filter>ソース ファイル\Sakakura\Entity</Filter>
    </ClCompile>
    <ClCompile Include="Sources\cpp\BaseToolEntity.cpp">
      <Filter>ソース ファイル\Sakakura\Entity</Filter>
    </ClCompile>
    <ClCompile Include="Sources\cpp\BaseOperation.cpp">
      <Filter>ソース ファイル\Sakakura\Secure</Filter>
    </ClCompile>
    <ClCompile Include="Sources\cpp\SecureRoom.cpp">
      <Filter>ソース ファイル\Sakakura\Secure</Filter>
    </ClCompile>
    <ClCompile Include="Sources\cpp\OperationSatisfy.cpp">
      <Filter>ソース ファイル\Sakakura\Secure</Filter>
    </ClCompile>
    <ClCompile Include="Sources\cpp\OperationObserbation.cpp">
      <Filter>ソース ファイル\Sakakura\Secure</Filter>
    </ClCompile>
    <ClCompile Include="Sources\cpp\OperationContact.cpp">
      <Filter>ソース ファイル\Sakakura\Secure</Filter>
    </ClCompile>
    <ClCompile Include="Sources\cpp\OperationInjure.cpp">
      <Filter>ソース ファイル\Sakakura\Secure</Filter>
    </ClCompile>
    <ClCompile Include="Sources\cpp\BaseOfficer.cpp">
      <Filter>ソース ファイル\Sein\Officer</Filter>
    </ClCompile>
    <ClCompile Include="Sources\cpp\OfficerMob.cpp">
      <Filter>ソース ファイル\Sein\Officer</Filter>
    </ClCompile>
    <ClCompile Include="Sources\cpp\OfficerPlayer.cpp">
      <Filter>ソース ファイル\Sein\Officer</Filter>
    </ClCompile>
    <ClCompile Include="Sources\cpp\OfficerStateDead.cpp">
      <Filter>ソース ファイル\Sein\OfficerState</Filter>
    </ClCompile>
    <ClCompile Include="Sources\cpp\OfficerStateFight.cpp">
      <Filter>ソース ファイル\Sein\OfficerState</Filter>
    </ClCompile>
    <ClCompile Include="Sources\cpp\OfficerStateIdle.cpp">
      <Filter>ソース ファイル\Sein\OfficerState</Filter>
    </ClCompile>
    <ClCompile Include="Sources\cpp\OfficerStateMove.cpp">
      <Filter>ソース ファイル\Sein\OfficerState</Filter>
    </ClCompile>
    <ClCompile Include="Sources\cpp\OfficerStatePanic.cpp">
      <Filter>ソース ファイル\Sein\OfficerState</Filter>
    </ClCompile>
    <ClCompile Include="Sources\cpp\BaseOfficerState.cpp">
      <Filter>ソース ファイル\Sein\OfficerState</Filter>
    </ClCompile>
    <ClCompile Include="Sources\cpp\OfficerStateFactory.cpp">
      <Filter>ソース ファイル\Sein\OfficerState</Filter>
    </ClCompile>
    <ClCompile Include="Sources\cpp\OfficerManager.cpp">
      <Filter>ソース ファイル\Sein\Officer</Filter>
    </ClCompile>
    <ClCompile Include="Sources\cpp\CameraController.cpp">
      <Filter>ソース ファイル</Filter>
    </ClCompile>
    <ClCompile Include="Sources\cpp\BaseEgoEntity.cpp">
      <Filter>ソース ファイル\Sakakura\Entity</Filter>
    </ClCompile>
    <ClCompile Include="Sources\cpp\Entity_E000.cpp">
      <Filter>ソース ファイル\Sakakura\Entity</Filter>
    </ClCompile>
    <ClCompile Include="Sources\cpp\UISlider.cpp">
      <Filter>ソース ファイル\Ishihara\UI</Filter>
    </ClCompile>
    <ClCompile Include="Sources\cpp\UIButton.cpp">
      <Filter>ソース ファイル\Ishihara\UI</Filter>
    </ClCompile>
    <ClCompile Include="Sources\cpp\SectionRoom.cpp">
      <Filter>ソース ファイル\Ishihara\Section</Filter>
    </ClCompile>
    <ClCompile Include="Sources\cpp\SectionConnect.cpp">
      <Filter>ソース ファイル\Ishihara\Section</Filter>
    </ClCompile>
    <ClCompile Include="Sources\cpp\SectionCorridor.cpp">
      <Filter>ソース ファイル\Ishihara\Section</Filter>
    </ClCompile>
    <ClCompile Include="Sources\cpp\BaseSection.cpp">
      <Filter>ソース ファイル\Ishihara\Section</Filter>
    </ClCompile>
    <ClCompile Include="Sources\cpp\SceneMain.cpp">
      <Filter>ソース ファイル\Ishihara\Scene</Filter>
    </ClCompile>
    <ClCompile Include="Sources\cpp\SceneManager.cpp">
      <Filter>ソース ファイル\Ishihara\Scene</Filter>
    </ClCompile>
    <ClCompile Include="Sources\cpp\SceneTitle.cpp">
      <Filter>ソース ファイル\Ishihara\Scene</Filter>
    </ClCompile>
    <ClCompile Include="Sources\cpp\StageManager.cpp">
      <Filter>ソース ファイル\Ishihara\Section</Filter>
    </ClCompile>
    <ClCompile Include="Sources\cpp\RouteSearcher.cpp">
      <Filter>ソース ファイル\Ishihara\Section</Filter>
    </ClCompile>
    <ClCompile Include="Sources\cpp\BaseUI.cpp">
      <Filter>ソース ファイル\Ishihara\UI</Filter>
    </ClCompile>
    <ClCompile Include="Sources\cpp\BaseScene.cpp">
      <Filter>ソース ファイル\Ishihara\Scene</Filter>
    </ClCompile>
    <ClCompile Include="Sources\cpp\OfficerStateOperationMove.cpp">
      <Filter>ソース ファイル\Sein\OfficerState</Filter>
    </ClCompile>
    <ClCompile Include="Sources\cpp\OfficerStateOperation.cpp">
      <Filter>ソース ファイル\Sein\OfficerState</Filter>
    </ClCompile>
    <ClCompile Include="Sources\cpp\EventManager.cpp">
      <Filter>ソース ファイル\Ishihara</Filter>
    </ClCompile>
    <ClCompile Include="Sources\cpp\UIScreenButton.cpp">
      <Filter>ソース ファイル\Ishihara\UI</Filter>
    </ClCompile>
    <ClCompile Include="Sources\cpp\UIScreenSlider.cpp">
      <Filter>ソース ファイル\Ishihara\UI</Filter>
    </ClCompile>
    <ClCompile Include="Sources\cpp\UIScreenText.cpp">
      <Filter>ソース ファイル\Ishihara\UI</Filter>
    </ClCompile>
    <ClCompile Include="Sources\cpp\UIText.cpp">
      <Filter>ソース ファイル\Ishihara\UI</Filter>
    </ClCompile>
  </ItemGroup>
  <ItemGroup>
    <ClInclude Include="Sources\header\ObjectManager.h">
      <Filter>ヘッダー ファイル\Ishihara</Filter>
    </ClInclude>
    <ClInclude Include="Sources\header\BaseObject.h">
      <Filter>ヘッダー ファイル\Ishihara</Filter>
    </ClInclude>
    <ClInclude Include="Sources\header\BaseCharacter.h">
      <Filter>ヘッダー ファイル\Ishihara</Filter>
    </ClInclude>
    <ClInclude Include="Sources\header\DataManager.h">
      <Filter>ヘッダー ファイル\Sein</Filter>
    </ClInclude>
    <ClInclude Include="Sources\header\GameManager.h">
      <Filter>ヘッダー ファイル\Sein</Filter>
    </ClInclude>
    <ClInclude Include="Sources\header\InputManager.h">
      <Filter>ヘッダー ファイル\Sein</Filter>
    </ClInclude>
    <ClInclude Include="Sources\header\Const.h">
      <Filter>ヘッダー ファイル</Filter>
    </ClInclude>
    <ClInclude Include="Sources\header\BaseEntity.h">
      <Filter>ヘッダー ファイル\Sakakura\Entity</Filter>
    </ClInclude>
    <ClInclude Include="Sources\header\BasePhase.h">
      <Filter>ヘッダー ファイル\Sakakura\Phase</Filter>
    </ClInclude>
    <ClInclude Include="Sources\header\BaseToolEntity.h">
      <Filter>ヘッダー ファイル\Sakakura\Entity</Filter>
    </ClInclude>
    <ClInclude Include="Sources\header\PhaseMain.h">
      <Filter>ヘッダー ファイル\Sakakura\Phase</Filter>
    </ClInclude>
    <ClInclude Include="Sources\header\PhaseManager.h">
      <Filter>ヘッダー ファイル\Sakakura\Phase</Filter>
    </ClInclude>
    <ClInclude Include="Sources\header\PhaseResult.h">
      <Filter>ヘッダー ファイル\Sakakura\Phase</Filter>
    </ClInclude>
    <ClInclude Include="Sources\header\PhaseSelect.h">
      <Filter>ヘッダー ファイル\Sakakura\Phase</Filter>
    </ClInclude>
    <ClInclude Include="Sources\header\PhaseStandby.h">
      <Filter>ヘッダー ファイル\Sakakura\Phase</Filter>
    </ClInclude>
    <ClInclude Include="Sources\header\BaseOperation.h">
      <Filter>ヘッダー ファイル\Sakakura\Secure</Filter>
    </ClInclude>
    <ClInclude Include="Sources\header\SecureRoom.h">
      <Filter>ヘッダー ファイル\Sakakura\Secure</Filter>
    </ClInclude>
    <ClInclude Include="Sources\header\OperationSatisfy.h">
      <Filter>ヘッダー ファイル\Sakakura\Secure</Filter>
    </ClInclude>
    <ClInclude Include="Sources\header\OperationObserbation.h">
      <Filter>ヘッダー ファイル\Sakakura\Secure</Filter>
    </ClInclude>
    <ClInclude Include="Sources\header\OperationContact.h">
      <Filter>ヘッダー ファイル\Sakakura\Secure</Filter>
    </ClInclude>
    <ClInclude Include="Sources\header\OperationInjure.h">
      <Filter>ヘッダー ファイル\Sakakura\Secure</Filter>
    </ClInclude>
    <ClInclude Include="Sources\header\BaseOfficer.h">
      <Filter>ヘッダー ファイル\Sein\Officer</Filter>
    </ClInclude>
    <ClInclude Include="Sources\header\OfficerMob.h">
      <Filter>ヘッダー ファイル\Sein\Officer</Filter>
    </ClInclude>
    <ClInclude Include="Sources\header\OfficerStateDead.h">
      <Filter>ヘッダー ファイル\Sein\OfficerState</Filter>
    </ClInclude>
    <ClInclude Include="Sources\header\OfficerStateFight.h">
      <Filter>ヘッダー ファイル\Sein\OfficerState</Filter>
    </ClInclude>
    <ClInclude Include="Sources\header\OfficerStateIdle.h">
      <Filter>ヘッダー ファイル\Sein\OfficerState</Filter>
    </ClInclude>
    <ClInclude Include="Sources\header\OfficerStateMove.h">
      <Filter>ヘッダー ファイル\Sein\OfficerState</Filter>
    </ClInclude>
    <ClInclude Include="Sources\header\OfficerStatePanic.h">
      <Filter>ヘッダー ファイル\Sein\OfficerState</Filter>
    </ClInclude>
    <ClInclude Include="Sources\header\BaseOfficerState.h">
      <Filter>ヘッダー ファイル\Sein\OfficerState</Filter>
    </ClInclude>
    <ClInclude Include="Sources\header\OfficerStateFactory.h">
      <Filter>ヘッダー ファイル\Sein\OfficerState</Filter>
    </ClInclude>
    <ClInclude Include="Sources\header\OfficerManager.h">
      <Filter>ヘッダー ファイル\Sein\Officer</Filter>
    </ClInclude>
    <ClInclude Include="Sources\header\CameraController.h">
      <Filter>ヘッダー ファイル</Filter>
    </ClInclude>
    <ClInclude Include="Sources\header\BaseEgoEntity.h">
      <Filter>ヘッダー ファイル\Sakakura\Entity</Filter>
    </ClInclude>
    <ClInclude Include="Sources\header\Entity_E000.h">
      <Filter>ヘッダー ファイル\Sakakura\Entity</Filter>
    </ClInclude>
    <ClInclude Include="Sources\header\StateArgs.h">
      <Filter>ヘッダー ファイル\Sein\OfficerState</Filter>
    </ClInclude>
    <ClInclude Include="Sources\header\UIButton.h">
      <Filter>ヘッダー ファイル\Ishihara\UI</Filter>
    </ClInclude>
    <ClInclude Include="Sources\header\UISlider.h">
      <Filter>ヘッダー ファイル\Ishihara\UI</Filter>
    </ClInclude>
    <ClInclude Include="Sources\header\BaseUI.h">
      <Filter>ヘッダー ファイル\Ishihara\UI</Filter>
    </ClInclude>
    <ClInclude Include="Sources\header\SectionConnect.h">
      <Filter>ヘッダー ファイル\Ishihara\Section</Filter>
    </ClInclude>
    <ClInclude Include="Sources\header\SectionCorridor.h">
      <Filter>ヘッダー ファイル\Ishihara\Section</Filter>
    </ClInclude>
    <ClInclude Include="Sources\header\SectionRoom.h">
      <Filter>ヘッダー ファイル\Ishihara\Section</Filter>
    </ClInclude>
    <ClInclude Include="Sources\header\StageManager.h">
      <Filter>ヘッダー ファイル\Ishihara\Section</Filter>
    </ClInclude>
    <ClInclude Include="Sources\header\RouteSearcher.h">
      <Filter>ヘッダー ファイル\Ishihara\Section</Filter>
    </ClInclude>
    <ClInclude Include="Sources\header\CommonModule.h">
      <Filter>ヘッダー ファイル</Filter>
    </ClInclude>
    <ClInclude Include="Sources\header\SceneTitle.h">
      <Filter>ヘッダー ファイル\Ishihara\Scene</Filter>
    </ClInclude>
    <ClInclude Include="Sources\header\SceneManager.h">
      <Filter>ヘッダー ファイル\Ishihara\Scene</Filter>
    </ClInclude>
    <ClInclude Include="Sources\header\SceneMain.h">
      <Filter>ヘッダー ファイル\Ishihara\Scene</Filter>
    </ClInclude>
    <ClInclude Include="Sources\header\BaseScene.h">
      <Filter>ヘッダー ファイル\Ishihara\Scene</Filter>
    </ClInclude>
    <ClInclude Include="Sources\header\BaseSection.h">
      <Filter>ヘッダー ファイル\Ishihara\Section</Filter>
    </ClInclude>
    <ClInclude Include="Sources\header\OfficerInitData.h">
      <Filter>ヘッダー ファイル\Sein\Officer</Filter>
    </ClInclude>
    <ClInclude Include="Sources\header\OfficerPlayer.h">
      <Filter>ヘッダー ファイル\Sein\Officer</Filter>
    </ClInclude>
    <ClInclude Include="Sources\header\OfficerStateOperationMove.h">
      <Filter>ヘッダー ファイル\Sein\OfficerState</Filter>
    </ClInclude>
    <ClInclude Include="Sources\header\OfficerStateOperation.h">
      <Filter>ヘッダー ファイル\Sein\OfficerState</Filter>
    </ClInclude>
    <ClInclude Include="Sources\header\EventManager.h">
      <Filter>ヘッダー ファイル\Ishihara</Filter>
    </ClInclude>
    <ClInclude Include="Sources\header\UIScreenButton.h">
      <Filter>ヘッダー ファイル\Ishihara\UI</Filter>
    </ClInclude>
    <ClInclude Include="Sources\header\UIScreenSlider.h">
      <Filter>ヘッダー ファイル\Ishihara\UI</Filter>
    </ClInclude>
    <ClInclude Include="Sources\header\UIScreenText.h">
      <Filter>ヘッダー ファイル\Ishihara\UI</Filter>
    </ClInclude>
    <ClInclude Include="Sources\header\UIText.h">
      <Filter>ヘッダー ファイル\Ishihara\UI</Filter>
    </ClInclude>
  </ItemGroup>
</Project>